
Microsoft Visual Studio Solution File, Format Version 12.00
# Visual Studio Version 17
VisualStudioVersion = 17.14.36414.22 d17.14
MinimumVisualStudioVersion = 10.0.40219.1
Project("{FAE04EC0-301F-11D3-BF4B-00C04F79EFBC}") = "ZBSnake", "ZBSnake\ZBSnake.csproj", "{2572D902-E4AE-4B0C-B4A1-B118510A3EBC}"
EndProject
Global
	GlobalSection(SolutionConfigurationPlatforms) = preSolution
		Debug|Any CPU = Debug|Any CPU
		Release|Any CPU = Release|Any CPU
	EndGlobalSection
	GlobalSection(ProjectConfigurationPlatforms) = postSolution
		{2572D902-E4AE-4B0C-B4A1-B118510A3EBC}.Debug|Any CPU.ActiveCfg = Debug|Any CPU
		{2572D902-E4AE-4B0C-B4A1-B118510A3EBC}.Debug|Any CPU.Build.0 = Debug|Any CPU
		{2572D902-E4AE-4B0C-B4A1-B118510A3EBC}.Release|Any CPU.ActiveCfg = Release|Any CPU
		{2572D902-E4AE-4B0C-B4A1-B118510A3EBC}.Release|Any CPU.Build.0 = Release|Any CPU
	EndGlobalSection
	GlobalSection(SolutionProperties) = preSolution
		HideSolutionNode = FALSE
	EndGlobalSection
	GlobalSection(ExtensibilityGlobals) = postSolution
		SolutionGuid = {4A26B24A-AB3C-4FD9-9782-134F2FD8A610}
	EndGlobalSection
EndGlobal
